
Microsoft Visual Studio Solution File, Format Version 12.00
# Visual Studio Version 16
VisualStudioVersion = 16.0.31702.278
MinimumVisualStudioVersion = 10.0.40219.1
Project("{FAE04EC0-301F-11D3-BF4B-00C04F79EFBC}") = "TestandoGitHub", "TestandoGitHub\TestandoGitHub.csproj", "{DC0E37AF-2AC9-42FC-ACFC-39BF530FDC4F}"
EndProject
Global
	GlobalSection(SolutionConfigurationPlatforms) = preSolution
		Debug|Any CPU = Debug|Any CPU
		Release|Any CPU = Release|Any CPU
	EndGlobalSection
	GlobalSection(ProjectConfigurationPlatforms) = postSolution
		{DC0E37AF-2AC9-42FC-ACFC-39BF530FDC4F}.Debug|Any CPU.ActiveCfg = Debug|Any CPU
		{DC0E37AF-2AC9-42FC-ACFC-39BF530FDC4F}.Debug|Any CPU.Build.0 = Debug|Any CPU
		{DC0E37AF-2AC9-42FC-ACFC-39BF530FDC4F}.Release|Any CPU.ActiveCfg = Release|Any CPU
		{DC0E37AF-2AC9-42FC-ACFC-39BF530FDC4F}.Release|Any CPU.Build.0 = Release|Any CPU
	EndGlobalSection
	GlobalSection(SolutionProperties) = preSolution
		HideSolutionNode = FALSE
	EndGlobalSection
	GlobalSection(ExtensibilityGlobals) = postSolution
		SolutionGuid = {8934B50D-C235-479E-B1CF-CFBAB54EE677}
	EndGlobalSection
EndGlobal
